
Microsoft Visual Studio Solution File, Format Version 12.00
# Visual Studio Version 16
VisualStudioVersion = 16.0.28527.54
MinimumVisualStudioVersion = 10.0.40219.1
Project("{FAE04EC0-301F-11D3-BF4B-00C04F79EFBC}") = "MyBroadcast", "MyBroadcast\MyBroadcast.csproj", "{8E6050EB-31FB-4D4D-9AE5-439D2F30640E}"
EndProject
Global
	GlobalSection(SolutionConfigurationPlatforms) = preSolution
		Debug|Any CPU = Debug|Any CPU
		Release|Any CPU = Release|Any CPU
	EndGlobalSection
	GlobalSection(ProjectConfigurationPlatforms) = postSolution
		{8E6050EB-31FB-4D4D-9AE5-439D2F30640E}.Debug|Any CPU.ActiveCfg = Debug|Any CPU
		{8E6050EB-31FB-4D4D-9AE5-439D2F30640E}.Debug|Any CPU.Build.0 = Debug|Any CPU
		{8E6050EB-31FB-4D4D-9AE5-439D2F30640E}.Release|Any CPU.ActiveCfg = Release|Any CPU
		{8E6050EB-31FB-4D4D-9AE5-439D2F30640E}.Release|Any CPU.Build.0 = Release|Any CPU
	EndGlobalSection
	GlobalSection(SolutionProperties) = preSolution
		HideSolutionNode = FALSE
	EndGlobalSection
	GlobalSection(ExtensibilityGlobals) = postSolution
		SolutionGuid = {92C1A96C-3049-41D1-AFCF-78A5216BB926}
	EndGlobalSection
EndGlobal
